
Microsoft Visual Studio Solution File, Format Version 12.00
# Visual Studio Version 17
VisualStudioVersion = 17.4.33213.308
MinimumVisualStudioVersion = 10.0.40219.1
Project("{FAE04EC0-301F-11D3-BF4B-00C04F79EFBC}") = "CaseStudy", "CaseStudy\CaseStudy.csproj", "{8727C10C-314D-4F96-9E9C-E9ED11186433}"
EndProject
Global
	GlobalSection(SolutionConfigurationPlatforms) = preSolution
		Debug|Any CPU = Debug|Any CPU
		Release|Any CPU = Release|Any CPU
	EndGlobalSection
	GlobalSection(ProjectConfigurationPlatforms) = postSolution
		{8727C10C-314D-4F96-9E9C-E9ED11186433}.Debug|Any CPU.ActiveCfg = Debug|Any CPU
		{8727C10C-314D-4F96-9E9C-E9ED11186433}.Debug|Any CPU.Build.0 = Debug|Any CPU
		{8727C10C-314D-4F96-9E9C-E9ED11186433}.Release|Any CPU.ActiveCfg = Release|Any CPU
		{8727C10C-314D-4F96-9E9C-E9ED11186433}.Release|Any CPU.Build.0 = Release|Any CPU
	EndGlobalSection
	GlobalSection(SolutionProperties) = preSolution
		HideSolutionNode = FALSE
	EndGlobalSection
	GlobalSection(ExtensibilityGlobals) = postSolution
		SolutionGuid = {769F41D4-6C1B-4F6A-8651-E22A6EA1437F}
	EndGlobalSection
EndGlobal
